// !$*UTF8*$!
{
	archiveVersion = 1;
	classes = {
	};
	objectVersion = 55;
	objects = {

/* Begin PBXFileReference section */
		98F303943AD2D0C506537C1B /* Pods-CovidPoint.release.xcconfig */ = {isa = PBXFileReference; includeInIndex = 1; lastKnownFileType = text.xcconfig; name = "Pods-CovidPoint.release.xcconfig"; path = "Target Support Files/Pods-CovidPoint/Pods-CovidPoint.release.xcconfig"; sourceTree = "<group>"; };
		A029DE8DC9478D112F6C47D9 /* Pods_CovidPoint.framework */ = {isa = PBXFileReference; explicitFileType = wrapper.framework; includeInIndex = 0; path = Pods_CovidPoint.framework; sourceTree = BUILT_PRODUCTS_DIR; };
		C0B2E7169B608E211B8FDB08 /* Pods-CovidPoint.debug.xcconfig */ = {isa = PBXFileReference; includeInIndex = 1; lastKnownFileType = text.xcconfig; name = "Pods-CovidPoint.debug.xcconfig"; path = "Target Support Files/Pods-CovidPoint/Pods-CovidPoint.debug.xcconfig"; sourceTree = "<group>"; };
		C623F8FB278D80EF00AC8807 /* CountryList.swift */ = {isa = PBXFileReference; lastKnownFileType = sourcecode.swift; path = CountryList.swift; sourceTree = "<group>"; };
		C623F8FC278D80EF00AC8807 /* CountryList.xib */ = {isa = PBXFileReference; lastKnownFileType = file.xib; path = CountryList.xib; sourceTree = "<group>"; };
		C623F911278EAEC000AC8807 /* UIView.swift */ = {isa = PBXFileReference; lastKnownFileType = sourcecode.swift; path = UIView.swift; sourceTree = "<group>"; };
		C62A49C0278CB18E0016351D /* Base */ = {isa = PBXFileReference; lastKnownFileType = file.storyboard; name = Base; path = Base.lproj/LaunchScreen.storyboard; sourceTree = "<group>"; };
		C62A49CC278CB42A0016351D /* MapViewController.swift */ = {isa = PBXFileReference; lastKnownFileType = sourcecode.swift; path = MapViewController.swift; sourceTree = "<group>"; };
		C62A49D1278CB4470016351D /* Country.swift */ = {isa = PBXFileReference; lastKnownFileType = sourcecode.swift; path = Country.swift; sourceTree = "<group>"; };
		C62A49DB278CB4A80016351D /* CountryViewCell.swift */ = {isa = PBXFileReference; lastKnownFileType = sourcecode.swift; path = CountryViewCell.swift; sourceTree = "<group>"; };
		EB078011277DD22200D2B01E /* CovidPoint.app */ = {isa = PBXFileReference; explicitFileType = wrapper.application; includeInIndex = 0; path = CovidPoint.app; sourceTree = BUILT_PRODUCTS_DIR; };
		EB078014277DD22200D2B01E /* AppDelegate.swift */ = {isa = PBXFileReference; lastKnownFileType = sourcecode.swift; path = AppDelegate.swift; sourceTree = "<group>"; };
		EB078016277DD22200D2B01E /* SceneDelegate.swift */ = {isa = PBXFileReference; lastKnownFileType = sourcecode.swift; path = SceneDelegate.swift; sourceTree = "<group>"; };
		EB078018277DD22200D2B01E /* ViewController.swift */ = {isa = PBXFileReference; lastKnownFileType = sourcecode.swift; path = ViewController.swift; sourceTree = "<group>"; };
		EB07801B277DD22200D2B01E /* Base */ = {isa = PBXFileReference; lastKnownFileType = file.storyboard; name = Base; path = Base.lproj/Main.storyboard; sourceTree = "<group>"; };
		EB07801D277DD22300D2B01E /* Assets.xcassets */ = {isa = PBXFileReference; lastKnownFileType = folder.assetcatalog; path = Assets.xcassets; sourceTree = "<group>"; };
		EB078022277DD22300D2B01E /* Info.plist */ = {isa = PBXFileReference; lastKnownFileType = text.plist.xml; path = Info.plist; sourceTree = "<group>"; };
		EB07802B277DD2A800D2B01E /* CovidPointData.swift */ = {isa = PBXFileReference; lastKnownFileType = sourcecode.swift; path = CovidPointData.swift; sourceTree = "<group>"; };
		EB07802D277DD2BE00D2B01E /* CovidPointViewModel.swift */ = {isa = PBXFileReference; lastKnownFileType = sourcecode.swift; path = CovidPointViewModel.swift; sourceTree = "<group>"; };
/* End PBXFileReference section */

/* Begin PBXGroup section */
		33BD80013127F04F5630F418 /* Pods */ = {
			isa = PBXGroup;
			children = (
				C0B2E7169B608E211B8FDB08 /* Pods-CovidPoint.debug.xcconfig */,
				98F303943AD2D0C506537C1B /* Pods-CovidPoint.release.xcconfig */,
			);
			path = Pods;
			sourceTree = "<group>";
		};
		AA63317034D28695DC91372F /* Frameworks */ = {
			isa = PBXGroup;
			children = (
				A029DE8DC9478D112F6C47D9 /* Pods_CovidPoint.framework */,
			);
			name = Frameworks;
			sourceTree = "<group>";
		};
		C623F910278EAEB600AC8807 /* Extensions */ = {
			isa = PBXGroup;
			children = (
				C623F911278EAEC000AC8807 /* UIView.swift */,
			);
			path = Extensions;
			sourceTree = "<group>";
		};
		C62A49CB278CB21C0016351D /* MapVC */ = {
			isa = PBXGroup;
			children = (
				C62A49CC278CB42A0016351D /* MapViewController.swift */,
			);
			path = MapVC;
			sourceTree = "<group>";
		};
		C62A49D0278CB43F0016351D /* Model */ = {
			isa = PBXGroup;
			children = (
				C62A49D1278CB4470016351D /* Country.swift */,
			);
			path = Model;
			sourceTree = "<group>";
		};
		C62A49D5278CB4670016351D /* TableVC */ = {
			isa = PBXGroup;
			children = (
				C623F8FB278D80EF00AC8807 /* CountryList.swift */,
				C623F8FC278D80EF00AC8807 /* CountryList.xib */,
			);
			path = TableVC;
			sourceTree = "<group>";
		};
		C62A49DA278CB4920016351D /* Cell */ = {
			isa = PBXGroup;
			children = (
				C62A49DB278CB4A80016351D /* CountryViewCell.swift */,
			);
			path = Cell;
			sourceTree = "<group>";
		};
		EB078008277DD22200D2B01E = {
			isa = PBXGroup;
			children = (
				C623F910278EAEB600AC8807 /* Extensions */,
				EB078013277DD22200D2B01E /* CovidPoint */,
				EB078012277DD22200D2B01E /* Products */,
				33BD80013127F04F5630F418 /* Pods */,
				AA63317034D28695DC91372F /* Frameworks */,
			);
			sourceTree = "<group>";
		};
		EB078012277DD22200D2B01E /* Products */ = {
			isa = PBXGroup;
			children = (
				EB078011277DD22200D2B01E /* CovidPoint.app */,
			);
			name = Products;
			sourceTree = "<group>";
		};
		EB078013277DD22200D2B01E /* CovidPoint */ = {
			isa = PBXGroup;
			children = (
				C62A49CB278CB21C0016351D /* MapVC */,
				C62A49D0278CB43F0016351D /* Model */,
				C62A49D5278CB4670016351D /* TableVC */,
				C62A49DA278CB4920016351D /* Cell */,
				C62A49BF278CB18E0016351D /* LaunchScreen.storyboard */,
				EB07802A277DD27400D2B01E /* ViewController */,
				EB078029277DD25D00D2B01E /* ViewModel */,
				EB078028277DD24300D2B01E /* CovidPointData */,
				EB078014277DD22200D2B01E /* AppDelegate.swift */,
				EB078016277DD22200D2B01E /* SceneDelegate.swift */,
				EB07801A277DD22200D2B01E /* Main.storyboard */,
				EB07801D277DD22300D2B01E /* Assets.xcassets */,
				EB078022277DD22300D2B01E /* Info.plist */,
			);
			path = CovidPoint;
			sourceTree = "<group>";
		};
		EB078028277DD24300D2B01E /* CovidPointData */ = {
			isa = PBXGroup;
			children = (
				EB07802B277DD2A800D2B01E /* CovidPointData.swift */,
			);
			path = CovidPointData;
			sourceTree = "<group>";
		};
		EB078029277DD25D00D2B01E /* ViewModel */ = {
			isa = PBXGroup;
			children = (
				EB07802D277DD2BE00D2B01E /* CovidPointViewModel.swift */,
			);
			path = ViewModel;
			sourceTree = "<group>";
		};
		EB07802A277DD27400D2B01E /* ViewController */ = {
			isa = PBXGroup;
			children = (
				EB078018277DD22200D2B01E /* ViewController.swift */,
			);
			path = ViewController;
			sourceTree = "<group>";
		};
/* End PBXGroup section */

/* Begin PBXProject section */
		EB078009277DD22200D2B01E /* Project object */ = {
			isa = PBXProject;
			attributes = {
				BuildIndependentTargetsInParallel = 1;
				LastSwiftUpdateCheck = 1320;
				LastUpgradeCheck = 1320;
			};
			buildConfigurationList = EB07800C277DD22200D2B01E /* Build configuration list for PBXProject "CovidPoint" */;
			compatibilityVersion = "Xcode 13.0";
			developmentRegion = en;
			hasScannedForEncodings = 0;
			knownRegions = (
				en,
				Base,
			);
			mainGroup = EB078008277DD22200D2B01E;
			productRefGroup = EB078012277DD22200D2B01E /* Products */;
			projectDirPath = "";
			projectRoot = "";
			targets = (
			);
		};
/* End PBXProject section */

/* Begin PBXVariantGroup section */
		C62A49BF278CB18E0016351D /* LaunchScreen.storyboard */ = {
			isa = PBXVariantGroup;
			children = (
				C62A49C0278CB18E0016351D /* Base */,
			);
			name = LaunchScreen.storyboard;
			sourceTree = "<group>";
		};
		EB07801A277DD22200D2B01E /* Main.storyboard */ = {
			isa = PBXVariantGroup;
			children = (
				EB07801B277DD22200D2B01E /* Base */,
			);
			name = Main.storyboard;
			sourceTree = "<group>";
		};
/* End PBXVariantGroup section */

/* Begin XCBuildConfiguration section */
		EB078023277DD22300D2B01E /* Debug */ = {
			isa = XCBuildConfiguration;
			buildSettings = {
				ALWAYS_SEARCH_USER_PATHS = NO;
				CLANG_ANALYZER_NONNULL = YES;
				CLANG_ANALYZER_NUMBER_OBJECT_CONVERSION = YES_AGGRESSIVE;
				CLANG_CXX_LANGUAGE_STANDARD = "gnu++17";
				CLANG_CXX_LIBRARY = "libc++";
				CLANG_ENABLE_MODULES = YES;
				CLANG_ENABLE_OBJC_ARC = YES;
				CLANG_ENABLE_OBJC_WEAK = YES;
				CLANG_WARN_BLOCK_CAPTURE_AUTORELEASING = YES;
				CLANG_WARN_BOOL_CONVERSION = YES;
				CLANG_WARN_COMMA = YES;
				CLANG_WARN_CONSTANT_CONVERSION = YES;
				CLANG_WARN_DEPRECATED_OBJC_IMPLEMENTATIONS = YES;
				CLANG_WARN_DIRECT_OBJC_ISA_USAGE = YES_ERROR;
				CLANG_WARN_DOCUMENTATION_COMMENTS = YES;
				CLANG_WARN_EMPTY_BODY = YES;
				CLANG_WARN_ENUM_CONVERSION = YES;
				CLANG_WARN_INFINITE_RECURSION = YES;
				CLANG_WARN_INT_CONVERSION = YES;
				CLANG_WARN_NON_LITERAL_NULL_CONVERSION = YES;
				CLANG_WARN_OBJC_IMPLICIT_RETAIN_SELF = YES;
				CLANG_WARN_OBJC_LITERAL_CONVERSION = YES;
				CLANG_WARN_OBJC_ROOT_CLASS = YES_ERROR;
				CLANG_WARN_QUOTED_INCLUDE_IN_FRAMEWORK_HEADER = YES;
				CLANG_WARN_RANGE_LOOP_ANALYSIS = YES;
				CLANG_WARN_STRICT_PROTOTYPES = YES;
				CLANG_WARN_SUSPICIOUS_MOVE = YES;
				CLANG_WARN_UNGUARDED_AVAILABILITY = YES_AGGRESSIVE;
				CLANG_WARN_UNREACHABLE_CODE = YES;
				CLANG_WARN__DUPLICATE_METHOD_MATCH = YES;
				COPY_PHASE_STRIP = NO;
				DEBUG_INFORMATION_FORMAT = dwarf;
				ENABLE_STRICT_OBJC_MSGSEND = YES;
				ENABLE_TESTABILITY = YES;
				GCC_C_LANGUAGE_STANDARD = gnu11;
				GCC_DYNAMIC_NO_PIC = NO;
				GCC_NO_COMMON_BLOCKS = YES;
				GCC_OPTIMIZATION_LEVEL = 0;
				GCC_PREPROCESSOR_DEFINITIONS = (
					"DEBUG=1",
					"$(inherited)",
				);
				GCC_WARN_64_TO_32_BIT_CONVERSION = YES;
				GCC_WARN_ABOUT_RETURN_TYPE = YES_ERROR;
				GCC_WARN_UNDECLARED_SELECTOR = YES;
				GCC_WARN_UNINITIALIZED_AUTOS = YES_AGGRESSIVE;
				GCC_WARN_UNUSED_FUNCTION = YES;
				GCC_WARN_UNUSED_VARIABLE = YES;
				IPHONEOS_DEPLOYMENT_TARGET = 14.7;
				MTL_ENABLE_DEBUG_INFO = INCLUDE_SOURCE;
				MTL_FAST_MATH = YES;
				ONLY_ACTIVE_ARCH = YES;
				SDKROOT = iphoneos;
				SWIFT_ACTIVE_COMPILATION_CONDITIONS = DEBUG;
				SWIFT_OPTIMIZATION_LEVEL = "-Onone";
			};
			name = Debug;
		};
		EB078024277DD22300D2B01E /* Release */ = {
			isa = XCBuildConfiguration;
			buildSettings = {
				ALWAYS_SEARCH_USER_PATHS = NO;
				CLANG_ANALYZER_NONNULL = YES;
				CLANG_ANALYZER_NUMBER_OBJECT_CONVERSION = YES_AGGRESSIVE;
				CLANG_CXX_LANGUAGE_STANDARD = "gnu++17";
				CLANG_CXX_LIBRARY = "libc++";
				CLANG_ENABLE_MODULES = YES;
				CLANG_ENABLE_OBJC_ARC = YES;
				CLANG_ENABLE_OBJC_WEAK = YES;
				CLANG_WARN_BLOCK_CAPTURE_AUTORELEASING = YES;
				CLANG_WARN_BOOL_CONVERSION = YES;
				CLANG_WARN_COMMA = YES;
				CLANG_WARN_CONSTANT_CONVERSION = YES;
				CLANG_WARN_DEPRECATED_OBJC_IMPLEMENTATIONS = YES;
				CLANG_WARN_DIRECT_OBJC_ISA_USAGE = YES_ERROR;
				CLANG_WARN_DOCUMENTATION_COMMENTS = YES;
				CLANG_WARN_EMPTY_BODY = YES;
				CLANG_WARN_ENUM_CONVERSION = YES;
				CLANG_WARN_INFINITE_RECURSION = YES;
				CLANG_WARN_INT_CONVERSION = YES;
				CLANG_WARN_NON_LITERAL_NULL_CONVERSION = YES;
				CLANG_WARN_OBJC_IMPLICIT_RETAIN_SELF = YES;
				CLANG_WARN_OBJC_LITERAL_CONVERSION = YES;
				CLANG_WARN_OBJC_ROOT_CLASS = YES_ERROR;
				CLANG_WARN_QUOTED_INCLUDE_IN_FRAMEWORK_HEADER = YES;
				CLANG_WARN_RANGE_LOOP_ANALYSIS = YES;
				CLANG_WARN_STRICT_PROTOTYPES = YES;
				CLANG_WARN_SUSPICIOUS_MOVE = YES;
				CLANG_WARN_UNGUARDED_AVAILABILITY = YES_AGGRESSIVE;
				CLANG_WARN_UNREACHABLE_CODE = YES;
				CLANG_WARN__DUPLICATE_METHOD_MATCH = YES;
				COPY_PHASE_STRIP = NO;
				DEBUG_INFORMATION_FORMAT = "dwarf-with-dsym";
				ENABLE_NS_ASSERTIONS = NO;
				ENABLE_STRICT_OBJC_MSGSEND = YES;
				GCC_C_LANGUAGE_STANDARD = gnu11;
				GCC_NO_COMMON_BLOCKS = YES;
				GCC_WARN_64_TO_32_BIT_CONVERSION = YES;
				GCC_WARN_ABOUT_RETURN_TYPE = YES_ERROR;
				GCC_WARN_UNDECLARED_SELECTOR = YES;
				GCC_WARN_UNINITIALIZED_AUTOS = YES_AGGRESSIVE;
				GCC_WARN_UNUSED_FUNCTION = YES;
				GCC_WARN_UNUSED_VARIABLE = YES;
				IPHONEOS_DEPLOYMENT_TARGET = 14.7;
				MTL_ENABLE_DEBUG_INFO = NO;
				MTL_FAST_MATH = YES;
				SDKROOT = iphoneos;
				SWIFT_COMPILATION_MODE = wholemodule;
				SWIFT_OPTIMIZATION_LEVEL = "-O";
				VALIDATE_PRODUCT = YES;
			};
			name = Release;
		};
/* End XCBuildConfiguration section */

/* Begin XCConfigurationList section */
		EB07800C277DD22200D2B01E /* Build configuration list for PBXProject "CovidPoint" */ = {
			isa = XCConfigurationList;
			buildConfigurations = (
				EB078023277DD22300D2B01E /* Debug */,
				EB078024277DD22300D2B01E /* Release */,
			);
			defaultConfigurationIsVisible = 0;
			defaultConfigurationName = Release;
		};
/* End XCConfigurationList section */
	};
	rootObject = EB078009277DD22200D2B01E /* Project object */;
}
